{
  "name": "extension-manager-interface",
  "lockfileVersion": 2,
  "requires": true,
  "packages": {
    "": {
      "devDependencies": {
        "typescript": "4.6.3"
      }
    },
    "node_modules/esbuild": {
      "version": "0.14.37",
      "resolved": "https://registry.npmjs.org/esbuild/-/esbuild-0.14.37.tgz",
      "integrity": "sha512-sPlTpEkjzgFjWjYdve5xM1A3fpKXWNc+0yh0u9tqdER992OEpvde1c/+5rbRFsaSEEjQM9qXRcYn3EvNwgLF9w==",
      "dev": true,
      "hasInstallScript": true,
      "bin": {
        "esbuild": "bin/esbuild"
      },
      "engines": {
        "node": ">=12"
      },
      "optionalDependencies": {
        "esbuild-android-64": "0.14.37",
        "esbuild-android-arm64": "0.14.37",
        "esbuild-darwin-64": "0.14.37",
        "esbuild-darwin-arm64": "0.14.37",
        "esbuild-freebsd-64": "0.14.37",
        "esbuild-freebsd-arm64": "0.14.37",
        "esbuild-linux-32": "0.14.37",
        "esbuild-linux-64": "0.14.37",
        "esbuild-linux-arm": "0.14.37",
        "esbuild-linux-arm64": "0.14.37",
        "esbuild-linux-mips64le": "0.14.37",
        "esbuild-linux-ppc64le": "0.14.37",
        "esbuild-linux-riscv64": "0.14.37",
        "esbuild-linux-s390x": "0.14.37",
        "esbuild-netbsd-64": "0.14.37",
        "esbuild-openbsd-64": "0.14.37",
        "esbuild-sunos-64": "0.14.37",
        "esbuild-windows-32": "0.14.37",
        "esbuild-windows-64": "0.14.37",
        "esbuild-windows-arm64": "0.14.37"
      }
    },
    "node_modules/esbuild-linux-64": {
      "version": "0.14.37",
      "resolved": "https://registry.npmjs.org/esbuild-linux-64/-/esbuild-linux-64-0.14.37.tgz",
      "integrity": "sha512-UURL6k1Ffr6K4faFgdP6lKVvMKYwq8JmAh+odCukzIWN4EpjIzgmhBUzyFVU+VQLh1+K3tlE1SPJ057PNpayUQ==",
      "cpu": [
        "x64"
      ],
      "dev": true,
      "optional": true,
      "os": [
        "linux"
      ],
      "engines": {
        "node": ">=12"
      }
    },
    "node_modules/typescript": {
      "version": "4.6.3",
      "resolved": "https://registry.npmjs.org/typescript/-/typescript-4.6.3.tgz",
      "integrity": "sha512-yNIatDa5iaofVozS/uQJEl3JRWLKKGJKh6Yaiv0GLGSuhpFJe7P3SbHZ8/yjAHRQwKRoA6YZqlfjXWmVzoVSMw==",
      "dev": true,
      "bin": {
        "tsc": "bin/tsc",
        "tsserver": "bin/tsserver"
      },
      "engines": {
        "node": ">=4.2.0"
      }
    }
  },
  "dependencies": {
    "esbuild": {
      "version": "https://registry.npmjs.org/esbuild/-/esbuild-0.14.37.tgz",
      "integrity": "sha512-sPlTpEkjzgFjWjYdve5xM1A3fpKXWNc+0yh0u9tqdER992OEpvde1c/+5rbRFsaSEEjQM9qXRcYn3EvNwgLF9w==",
      "dev": true,
      "requires": {
        "esbuild-android-64": "0.14.37",
        "esbuild-android-arm64": "0.14.37",
        "esbuild-darwin-64": "0.14.37",
        "esbuild-darwin-arm64": "0.14.37",
        "esbuild-freebsd-64": "0.14.37",
        "esbuild-freebsd-arm64": "0.14.37",
        "esbuild-linux-32": "0.14.37",
        "esbuild-linux-64": "0.14.37",
        "esbuild-linux-arm": "0.14.37",
        "esbuild-linux-arm64": "0.14.37",
        "esbuild-linux-mips64le": "0.14.37",
        "esbuild-linux-ppc64le": "0.14.37",
        "esbuild-linux-riscv64": "0.14.37",
        "esbuild-linux-s390x": "0.14.37",
        "esbuild-netbsd-64": "0.14.37",
        "esbuild-openbsd-64": "0.14.37",
        "esbuild-sunos-64": "0.14.37",
        "esbuild-windows-32": "0.14.37",
        "esbuild-windows-64": "0.14.37",
        "esbuild-windows-arm64": "0.14.37"
      }
    },
    "esbuild-linux-64": {
      "version": "0.14.37",
      "resolved": "https://registry.npmjs.org/esbuild-linux-64/-/esbuild-linux-64-0.14.37.tgz",
      "integrity": "sha512-UURL6k1Ffr6K4faFgdP6lKVvMKYwq8JmAh+odCukzIWN4EpjIzgmhBUzyFVU+VQLh1+K3tlE1SPJ057PNpayUQ==",
      "dev": true,
      "optional": true
    },
    "typescript": {
      "version": "4.6.3",
      "resolved": "https://registry.npmjs.org/typescript/-/typescript-4.6.3.tgz",
      "integrity": "sha512-yNIatDa5iaofVozS/uQJEl3JRWLKKGJKh6Yaiv0GLGSuhpFJe7P3SbHZ8/yjAHRQwKRoA6YZqlfjXWmVzoVSMw==",
      "dev": true
    }
  }
}
